{
  "originHash" : "5b6b638a44cb350f2ad01d715122d91cce53e47653919de3e2200904de1606bd",
  "pins" : [
    {
      "identity" : "keyboardshortcuts",
      "kind" : "remoteSourceControl",
      "location" : "https://github.com/elva-labs/KeyboardShortcuts",
      "state" : {
        "revision" : "471fd405fbb5ad1abd0bdb8165a6769c39e0a200",
        "version" : "2.4.0-elva.1"
      }
    }
  ],
  "version" : 3
}
